
Microsoft Visual Studio Solution File, Format Version 12.00
# Visual Studio Version 17
VisualStudioVersion = 17.7.34018.315
MinimumVisualStudioVersion = 10.0.40219.1
Project("{FAE04EC0-301F-11D3-BF4B-00C04F79EFBC}") = "LoginRegisterExample", "LoginRegisterExample\LoginRegisterExample.csproj", "{8F5EC2F3-D437-4C21-9D02-B59BE29229A4}"
EndProject
Global
	GlobalSection(SolutionConfigurationPlatforms) = preSolution
		Debug|Any CPU = Debug|Any CPU
		Release|Any CPU = Release|Any CPU
	EndGlobalSection
	GlobalSection(ProjectConfigurationPlatforms) = postSolution
		{8F5EC2F3-D437-4C21-9D02-B59BE29229A4}.Debug|Any CPU.ActiveCfg = Debug|Any CPU
		{8F5EC2F3-D437-4C21-9D02-B59BE29229A4}.Debug|Any CPU.Build.0 = Debug|Any CPU
		{8F5EC2F3-D437-4C21-9D02-B59BE29229A4}.Release|Any CPU.ActiveCfg = Release|Any CPU
		{8F5EC2F3-D437-4C21-9D02-B59BE29229A4}.Release|Any CPU.Build.0 = Release|Any CPU
	EndGlobalSection
	GlobalSection(SolutionProperties) = preSolution
		HideSolutionNode = FALSE
	EndGlobalSection
	GlobalSection(ExtensibilityGlobals) = postSolution
		SolutionGuid = {FCD2F2CB-7049-4FAA-AB82-E413D69A6206}
	EndGlobalSection
EndGlobal
